
Microsoft Visual Studio Solution File, Format Version 12.00
# Visual Studio 15
VisualStudioVersion = 15.0.26124.0
MinimumVisualStudioVersion = 15.0.26124.0
Project("{FAE04EC0-301F-11D3-BF4B-00C04F79EFBC}") = "API", "API\API.csproj", "{DCD9A35E-8CCA-457D-9AA1-E3D06D464C1C}"
EndProject
Project("{FAE04EC0-301F-11D3-BF4B-00C04F79EFBC}") = "Core", "Core\Core.csproj", "{E6BD8E03-9FAE-49F9-9406-E03977E2ECC0}"
EndProject
Project("{FAE04EC0-301F-11D3-BF4B-00C04F79EFBC}") = "Infrastructure", "Infrastructure\Infrastructure.csproj", "{BCB4AB46-F9B1-41DA-B9F6-AF6F913B895C}"
EndProject
Global
	GlobalSection(SolutionConfigurationPlatforms) = preSolution
		Debug|Any CPU = Debug|Any CPU
		Debug|x64 = Debug|x64
		Debug|x86 = Debug|x86
		Release|Any CPU = Release|Any CPU
		Release|x64 = Release|x64
		Release|x86 = Release|x86
	EndGlobalSection
	GlobalSection(SolutionProperties) = preSolution
		HideSolutionNode = FALSE
	EndGlobalSection
	GlobalSection(ProjectConfigurationPlatforms) = postSolution
		{DCD9A35E-8CCA-457D-9AA1-E3D06D464C1C}.Debug|Any CPU.ActiveCfg = Debug|Any CPU
		{DCD9A35E-8CCA-457D-9AA1-E3D06D464C1C}.Debug|Any CPU.Build.0 = Debug|Any CPU
		{DCD9A35E-8CCA-457D-9AA1-E3D06D464C1C}.Debug|x64.ActiveCfg = Debug|Any CPU
		{DCD9A35E-8CCA-457D-9AA1-E3D06D464C1C}.Debug|x64.Build.0 = Debug|Any CPU
		{DCD9A35E-8CCA-457D-9AA1-E3D06D464C1C}.Debug|x86.ActiveCfg = Debug|Any CPU
		{DCD9A35E-8CCA-457D-9AA1-E3D06D464C1C}.Debug|x86.Build.0 = Debug|Any CPU
		{DCD9A35E-8CCA-457D-9AA1-E3D06D464C1C}.Release|Any CPU.ActiveCfg = Release|Any CPU
		{DCD9A35E-8CCA-457D-9AA1-E3D06D464C1C}.Release|Any CPU.Build.0 = Release|Any CPU
		{DCD9A35E-8CCA-457D-9AA1-E3D06D464C1C}.Release|x64.ActiveCfg = Release|Any CPU
		{DCD9A35E-8CCA-457D-9AA1-E3D06D464C1C}.Release|x64.Build.0 = Release|Any CPU
		{DCD9A35E-8CCA-457D-9AA1-E3D06D464C1C}.Release|x86.ActiveCfg = Release|Any CPU
		{DCD9A35E-8CCA-457D-9AA1-E3D06D464C1C}.Release|x86.Build.0 = Release|Any CPU
		{E6BD8E03-9FAE-49F9-9406-E03977E2ECC0}.Debug|Any CPU.ActiveCfg = Debug|Any CPU
		{E6BD8E03-9FAE-49F9-9406-E03977E2ECC0}.Debug|Any CPU.Build.0 = Debug|Any CPU
		{E6BD8E03-9FAE-49F9-9406-E03977E2ECC0}.Debug|x64.ActiveCfg = Debug|Any CPU
		{E6BD8E03-9FAE-49F9-9406-E03977E2ECC0}.Debug|x64.Build.0 = Debug|Any CPU
		{E6BD8E03-9FAE-49F9-9406-E03977E2ECC0}.Debug|x86.ActiveCfg = Debug|Any CPU
		{E6BD8E03-9FAE-49F9-9406-E03977E2ECC0}.Debug|x86.Build.0 = Debug|Any CPU
		{E6BD8E03-9FAE-49F9-9406-E03977E2ECC0}.Release|Any CPU.ActiveCfg = Release|Any CPU
		{E6BD8E03-9FAE-49F9-9406-E03977E2ECC0}.Release|Any CPU.Build.0 = Release|Any CPU
		{E6BD8E03-9FAE-49F9-9406-E03977E2ECC0}.Release|x64.ActiveCfg = Release|Any CPU
		{E6BD8E03-9FAE-49F9-9406-E03977E2ECC0}.Release|x64.Build.0 = Release|Any CPU
		{E6BD8E03-9FAE-49F9-9406-E03977E2ECC0}.Release|x86.ActiveCfg = Release|Any CPU
		{E6BD8E03-9FAE-49F9-9406-E03977E2ECC0}.Release|x86.Build.0 = Release|Any CPU
		{BCB4AB46-F9B1-41DA-B9F6-AF6F913B895C}.Debug|Any CPU.ActiveCfg = Debug|Any CPU
		{BCB4AB46-F9B1-41DA-B9F6-AF6F913B895C}.Debug|Any CPU.Build.0 = Debug|Any CPU
		{BCB4AB46-F9B1-41DA-B9F6-AF6F913B895C}.Debug|x64.ActiveCfg = Debug|Any CPU
		{BCB4AB46-F9B1-41DA-B9F6-AF6F913B895C}.Debug|x64.Build.0 = Debug|Any CPU
		{BCB4AB46-F9B1-41DA-B9F6-AF6F913B895C}.Debug|x86.ActiveCfg = Debug|Any CPU
		{BCB4AB46-F9B1-41DA-B9F6-AF6F913B895C}.Debug|x86.Build.0 = Debug|Any CPU
		{BCB4AB46-F9B1-41DA-B9F6-AF6F913B895C}.Release|Any CPU.ActiveCfg = Release|Any CPU
		{BCB4AB46-F9B1-41DA-B9F6-AF6F913B895C}.Release|Any CPU.Build.0 = Release|Any CPU
		{BCB4AB46-F9B1-41DA-B9F6-AF6F913B895C}.Release|x64.ActiveCfg = Release|Any CPU
		{BCB4AB46-F9B1-41DA-B9F6-AF6F913B895C}.Release|x64.Build.0 = Release|Any CPU
		{BCB4AB46-F9B1-41DA-B9F6-AF6F913B895C}.Release|x86.ActiveCfg = Release|Any CPU
		{BCB4AB46-F9B1-41DA-B9F6-AF6F913B895C}.Release|x86.Build.0 = Release|Any CPU
	EndGlobalSection
EndGlobal
